
Microsoft Visual Studio Solution File, Format Version 12.00
# Visual Studio Version 16
VisualStudioVersion = 16.0.30621.155
MinimumVisualStudioVersion = 10.0.40219.1
Project("{FAE04EC0-301F-11D3-BF4B-00C04F79EFBC}") = "GeneratorOfCombinations", "GeneratorOfCombinations\GeneratorOfCombinations.csproj", "{C6A1C485-0DBA-4355-B244-AAEBB971BB9F}"
EndProject
Global
	GlobalSection(SolutionConfigurationPlatforms) = preSolution
		Debug|Any CPU = Debug|Any CPU
		Release|Any CPU = Release|Any CPU
	EndGlobalSection
	GlobalSection(ProjectConfigurationPlatforms) = postSolution
		{C6A1C485-0DBA-4355-B244-AAEBB971BB9F}.Debug|Any CPU.ActiveCfg = Debug|Any CPU
		{C6A1C485-0DBA-4355-B244-AAEBB971BB9F}.Debug|Any CPU.Build.0 = Debug|Any CPU
		{C6A1C485-0DBA-4355-B244-AAEBB971BB9F}.Release|Any CPU.ActiveCfg = Release|Any CPU
		{C6A1C485-0DBA-4355-B244-AAEBB971BB9F}.Release|Any CPU.Build.0 = Release|Any CPU
	EndGlobalSection
	GlobalSection(SolutionProperties) = preSolution
		HideSolutionNode = FALSE
	EndGlobalSection
	GlobalSection(ExtensibilityGlobals) = postSolution
		SolutionGuid = {85C52C8C-9554-40AF-B72D-515A10B67375}
	EndGlobalSection
EndGlobal
